
Microsoft Visual Studio Solution File, Format Version 12.00
# Visual Studio Version 17
VisualStudioVersion = 17.10.34916.146
MinimumVisualStudioVersion = 10.0.40219.1
Project("{9A19103F-16F7-4668-BE54-9A1E7A4F7556}") = "Sheenam", "Sheenam\Sheenam.csproj", "{2F5B58FC-44F2-4453-BCBE-0369C46046FE}"
EndProject
Project("{FAE04EC0-301F-11D3-BF4B-00C04F79EFBC}") = "Sheenam.API.Tests.Unit", "Sheenam.API.Tests.Unit\Sheenam.API.Tests.Unit.csproj", "{A3BD4F2C-D67D-4AA1-8790-5578799CB23C}"
EndProject
Project("{FAE04EC0-301F-11D3-BF4B-00C04F79EFBC}") = "Sheenam.API.Infrastructure.Build", "Sheenam.API.Infrastructure.Build\Sheenam.API.Infrastructure.Build.csproj", "{E2BCF26B-73E0-4B21-95A0-246D7529FF6F}"
EndProject
Global
	GlobalSection(SolutionConfigurationPlatforms) = preSolution
		Debug|Any CPU = Debug|Any CPU
		Release|Any CPU = Release|Any CPU
	EndGlobalSection
	GlobalSection(ProjectConfigurationPlatforms) = postSolution
		{2F5B58FC-44F2-4453-BCBE-0369C46046FE}.Debug|Any CPU.ActiveCfg = Debug|Any CPU
		{2F5B58FC-44F2-4453-BCBE-0369C46046FE}.Debug|Any CPU.Build.0 = Debug|Any CPU
		{2F5B58FC-44F2-4453-BCBE-0369C46046FE}.Release|Any CPU.ActiveCfg = Release|Any CPU
		{2F5B58FC-44F2-4453-BCBE-0369C46046FE}.Release|Any CPU.Build.0 = Release|Any CPU
		{A3BD4F2C-D67D-4AA1-8790-5578799CB23C}.Debug|Any CPU.ActiveCfg = Debug|Any CPU
		{A3BD4F2C-D67D-4AA1-8790-5578799CB23C}.Debug|Any CPU.Build.0 = Debug|Any CPU
		{A3BD4F2C-D67D-4AA1-8790-5578799CB23C}.Release|Any CPU.ActiveCfg = Release|Any CPU
		{A3BD4F2C-D67D-4AA1-8790-5578799CB23C}.Release|Any CPU.Build.0 = Release|Any CPU
		{E2BCF26B-73E0-4B21-95A0-246D7529FF6F}.Debug|Any CPU.ActiveCfg = Debug|Any CPU
		{E2BCF26B-73E0-4B21-95A0-246D7529FF6F}.Debug|Any CPU.Build.0 = Debug|Any CPU
		{E2BCF26B-73E0-4B21-95A0-246D7529FF6F}.Release|Any CPU.ActiveCfg = Release|Any CPU
		{E2BCF26B-73E0-4B21-95A0-246D7529FF6F}.Release|Any CPU.Build.0 = Release|Any CPU
	EndGlobalSection
	GlobalSection(SolutionProperties) = preSolution
		HideSolutionNode = FALSE
	EndGlobalSection
	GlobalSection(ExtensibilityGlobals) = postSolution
		SolutionGuid = {8074BAAF-5A73-40D9-8EB1-5713AC521EE8}
	EndGlobalSection
EndGlobal
